
Microsoft Visual Studio Solution File, Format Version 12.00
# Visual Studio Version 17
VisualStudioVersion = 17.0.31903.59
MinimumVisualStudioVersion = 10.0.40219.1
Project("{FAE04EC0-301F-11D3-BF4B-00C04F79EFBC}") = "StarWarsMovies.Domain", "StarWarsMovies.Domain\StarWarsMovies.Domain.csproj", "{03A4B296-77AD-4F63-B7F0-3294F798EF05}"
EndProject
Project("{FAE04EC0-301F-11D3-BF4B-00C04F79EFBC}") = "StarWarsMovies.Application", "StarWarsMovies.Application\StarWarsMovies.Application.csproj", "{D7A2FC5F-DCAD-4151-846A-2DCBA52D0209}"
EndProject
Project("{FAE04EC0-301F-11D3-BF4B-00C04F79EFBC}") = "StarWarsMovies.Infrastructure", "StarWarsMovies.Infrastructure\StarWarsMovies.Infrastructure.csproj", "{5538C246-BC91-4EB9-81D0-257E80445043}"
EndProject
Project("{FAE04EC0-301F-11D3-BF4B-00C04F79EFBC}") = "StarWarsMovies.Api", "StarWarsMovies.Api\StarWarsMovies.Api.csproj", "{3EF342C0-96CD-4EAD-828F-2BEF535F178C}"
EndProject
Project("{FAE04EC0-301F-11D3-BF4B-00C04F79EFBC}") = "StarWarsMovies.Tests", "StarWarsMovies.Tests\StarWarsMovies.Tests.csproj", "{9B2EB6D9-E4F0-40A6-B797-44C30CDF0178}"
EndProject
Project("{FAE04EC0-301F-11D3-BF4B-00C04F79EFBC}") = "StarWarsMovies.Contracts", "StarWarsMovies.Contracts\StarWarsMovies.Contracts.csproj", "{7EE857FD-6134-4CD8-871E-F360E8097ACA}"
EndProject
Global
	GlobalSection(SolutionConfigurationPlatforms) = preSolution
		Debug|Any CPU = Debug|Any CPU
		Debug|x64 = Debug|x64
		Debug|x86 = Debug|x86
		Release|Any CPU = Release|Any CPU
		Release|x64 = Release|x64
		Release|x86 = Release|x86
	EndGlobalSection
	GlobalSection(ProjectConfigurationPlatforms) = postSolution
		{03A4B296-77AD-4F63-B7F0-3294F798EF05}.Debug|Any CPU.ActiveCfg = Debug|Any CPU
		{03A4B296-77AD-4F63-B7F0-3294F798EF05}.Debug|Any CPU.Build.0 = Debug|Any CPU
		{03A4B296-77AD-4F63-B7F0-3294F798EF05}.Debug|x64.ActiveCfg = Debug|Any CPU
		{03A4B296-77AD-4F63-B7F0-3294F798EF05}.Debug|x64.Build.0 = Debug|Any CPU
		{03A4B296-77AD-4F63-B7F0-3294F798EF05}.Debug|x86.ActiveCfg = Debug|Any CPU
		{03A4B296-77AD-4F63-B7F0-3294F798EF05}.Debug|x86.Build.0 = Debug|Any CPU
		{03A4B296-77AD-4F63-B7F0-3294F798EF05}.Release|Any CPU.ActiveCfg = Release|Any CPU
		{03A4B296-77AD-4F63-B7F0-3294F798EF05}.Release|Any CPU.Build.0 = Release|Any CPU
		{03A4B296-77AD-4F63-B7F0-3294F798EF05}.Release|x64.ActiveCfg = Release|Any CPU
		{03A4B296-77AD-4F63-B7F0-3294F798EF05}.Release|x64.Build.0 = Release|Any CPU
		{03A4B296-77AD-4F63-B7F0-3294F798EF05}.Release|x86.ActiveCfg = Release|Any CPU
		{03A4B296-77AD-4F63-B7F0-3294F798EF05}.Release|x86.Build.0 = Release|Any CPU
		{D7A2FC5F-DCAD-4151-846A-2DCBA52D0209}.Debug|Any CPU.ActiveCfg = Debug|Any CPU
		{D7A2FC5F-DCAD-4151-846A-2DCBA52D0209}.Debug|Any CPU.Build.0 = Debug|Any CPU
		{D7A2FC5F-DCAD-4151-846A-2DCBA52D0209}.Debug|x64.ActiveCfg = Debug|Any CPU
		{D7A2FC5F-DCAD-4151-846A-2DCBA52D0209}.Debug|x64.Build.0 = Debug|Any CPU
		{D7A2FC5F-DCAD-4151-846A-2DCBA52D0209}.Debug|x86.ActiveCfg = Debug|Any CPU
		{D7A2FC5F-DCAD-4151-846A-2DCBA52D0209}.Debug|x86.Build.0 = Debug|Any CPU
		{D7A2FC5F-DCAD-4151-846A-2DCBA52D0209}.Release|Any CPU.ActiveCfg = Release|Any CPU
		{D7A2FC5F-DCAD-4151-846A-2DCBA52D0209}.Release|Any CPU.Build.0 = Release|Any CPU
		{D7A2FC5F-DCAD-4151-846A-2DCBA52D0209}.Release|x64.ActiveCfg = Release|Any CPU
		{D7A2FC5F-DCAD-4151-846A-2DCBA52D0209}.Release|x64.Build.0 = Release|Any CPU
		{D7A2FC5F-DCAD-4151-846A-2DCBA52D0209}.Release|x86.ActiveCfg = Release|Any CPU
		{D7A2FC5F-DCAD-4151-846A-2DCBA52D0209}.Release|x86.Build.0 = Release|Any CPU
		{5538C246-BC91-4EB9-81D0-257E80445043}.Debug|Any CPU.ActiveCfg = Debug|Any CPU
		{5538C246-BC91-4EB9-81D0-257E80445043}.Debug|Any CPU.Build.0 = Debug|Any CPU
		{5538C246-BC91-4EB9-81D0-257E80445043}.Debug|x64.ActiveCfg = Debug|Any CPU
		{5538C246-BC91-4EB9-81D0-257E80445043}.Debug|x64.Build.0 = Debug|Any CPU
		{5538C246-BC91-4EB9-81D0-257E80445043}.Debug|x86.ActiveCfg = Debug|Any CPU
		{5538C246-BC91-4EB9-81D0-257E80445043}.Debug|x86.Build.0 = Debug|Any CPU
		{5538C246-BC91-4EB9-81D0-257E80445043}.Release|Any CPU.ActiveCfg = Release|Any CPU
		{5538C246-BC91-4EB9-81D0-257E80445043}.Release|Any CPU.Build.0 = Release|Any CPU
		{5538C246-BC91-4EB9-81D0-257E80445043}.Release|x64.ActiveCfg = Release|Any CPU
		{5538C246-BC91-4EB9-81D0-257E80445043}.Release|x64.Build.0 = Release|Any CPU
		{5538C246-BC91-4EB9-81D0-257E80445043}.Release|x86.ActiveCfg = Release|Any CPU
		{5538C246-BC91-4EB9-81D0-257E80445043}.Release|x86.Build.0 = Release|Any CPU
		{3EF342C0-96CD-4EAD-828F-2BEF535F178C}.Debug|Any CPU.ActiveCfg = Debug|Any CPU
		{3EF342C0-96CD-4EAD-828F-2BEF535F178C}.Debug|Any CPU.Build.0 = Debug|Any CPU
		{3EF342C0-96CD-4EAD-828F-2BEF535F178C}.Debug|x64.ActiveCfg = Debug|Any CPU
		{3EF342C0-96CD-4EAD-828F-2BEF535F178C}.Debug|x64.Build.0 = Debug|Any CPU
		{3EF342C0-96CD-4EAD-828F-2BEF535F178C}.Debug|x86.ActiveCfg = Debug|Any CPU
		{3EF342C0-96CD-4EAD-828F-2BEF535F178C}.Debug|x86.Build.0 = Debug|Any CPU
		{3EF342C0-96CD-4EAD-828F-2BEF535F178C}.Release|Any CPU.ActiveCfg = Release|Any CPU
		{3EF342C0-96CD-4EAD-828F-2BEF535F178C}.Release|Any CPU.Build.0 = Release|Any CPU
		{3EF342C0-96CD-4EAD-828F-2BEF535F178C}.Release|x64.ActiveCfg = Release|Any CPU
		{3EF342C0-96CD-4EAD-828F-2BEF535F178C}.Release|x64.Build.0 = Release|Any CPU
		{3EF342C0-96CD-4EAD-828F-2BEF535F178C}.Release|x86.ActiveCfg = Release|Any CPU
		{3EF342C0-96CD-4EAD-828F-2BEF535F178C}.Release|x86.Build.0 = Release|Any CPU
		{9B2EB6D9-E4F0-40A6-B797-44C30CDF0178}.Debug|Any CPU.ActiveCfg = Debug|Any CPU
		{9B2EB6D9-E4F0-40A6-B797-44C30CDF0178}.Debug|Any CPU.Build.0 = Debug|Any CPU
		{9B2EB6D9-E4F0-40A6-B797-44C30CDF0178}.Debug|x64.ActiveCfg = Debug|Any CPU
		{9B2EB6D9-E4F0-40A6-B797-44C30CDF0178}.Debug|x64.Build.0 = Debug|Any CPU
		{9B2EB6D9-E4F0-40A6-B797-44C30CDF0178}.Debug|x86.ActiveCfg = Debug|Any CPU
		{9B2EB6D9-E4F0-40A6-B797-44C30CDF0178}.Debug|x86.Build.0 = Debug|Any CPU
		{9B2EB6D9-E4F0-40A6-B797-44C30CDF0178}.Release|Any CPU.ActiveCfg = Release|Any CPU
		{9B2EB6D9-E4F0-40A6-B797-44C30CDF0178}.Release|Any CPU.Build.0 = Release|Any CPU
		{9B2EB6D9-E4F0-40A6-B797-44C30CDF0178}.Release|x64.ActiveCfg = Release|Any CPU
		{9B2EB6D9-E4F0-40A6-B797-44C30CDF0178}.Release|x64.Build.0 = Release|Any CPU
		{9B2EB6D9-E4F0-40A6-B797-44C30CDF0178}.Release|x86.ActiveCfg = Release|Any CPU
		{9B2EB6D9-E4F0-40A6-B797-44C30CDF0178}.Release|x86.Build.0 = Release|Any CPU
		{7EE857FD-6134-4CD8-871E-F360E8097ACA}.Debug|Any CPU.ActiveCfg = Debug|Any CPU
		{7EE857FD-6134-4CD8-871E-F360E8097ACA}.Debug|Any CPU.Build.0 = Debug|Any CPU
		{7EE857FD-6134-4CD8-871E-F360E8097ACA}.Debug|x64.ActiveCfg = Debug|Any CPU
		{7EE857FD-6134-4CD8-871E-F360E8097ACA}.Debug|x64.Build.0 = Debug|Any CPU
		{7EE857FD-6134-4CD8-871E-F360E8097ACA}.Debug|x86.ActiveCfg = Debug|Any CPU
		{7EE857FD-6134-4CD8-871E-F360E8097ACA}.Debug|x86.Build.0 = Debug|Any CPU
		{7EE857FD-6134-4CD8-871E-F360E8097ACA}.Release|Any CPU.ActiveCfg = Release|Any CPU
		{7EE857FD-6134-4CD8-871E-F360E8097ACA}.Release|Any CPU.Build.0 = Release|Any CPU
		{7EE857FD-6134-4CD8-871E-F360E8097ACA}.Release|x64.ActiveCfg = Release|Any CPU
		{7EE857FD-6134-4CD8-871E-F360E8097ACA}.Release|x64.Build.0 = Release|Any CPU
		{7EE857FD-6134-4CD8-871E-F360E8097ACA}.Release|x86.ActiveCfg = Release|Any CPU
		{7EE857FD-6134-4CD8-871E-F360E8097ACA}.Release|x86.Build.0 = Release|Any CPU
	EndGlobalSection
	GlobalSection(SolutionProperties) = preSolution
		HideSolutionNode = FALSE
	EndGlobalSection
EndGlobal
